
Microsoft Visual Studio Solution File, Format Version 12.00
# Visual Studio Version 17
VisualStudioVersion = 17.7.34009.444
MinimumVisualStudioVersion = 10.0.40219.1
Project("{FAE04EC0-301F-11D3-BF4B-00C04F79EFBC}") = "PROG_Draft_POE_P1", "PROG_Draft_POE_P1\PROG_Draft_POE_P1.csproj", "{34089D82-8D8F-4B80-8F52-184D23642A2A}"
EndProject
Global
	GlobalSection(SolutionConfigurationPlatforms) = preSolution
		Debug|Any CPU = Debug|Any CPU
		Release|Any CPU = Release|Any CPU
	EndGlobalSection
	GlobalSection(ProjectConfigurationPlatforms) = postSolution
		{34089D82-8D8F-4B80-8F52-184D23642A2A}.Debug|Any CPU.ActiveCfg = Debug|Any CPU
		{34089D82-8D8F-4B80-8F52-184D23642A2A}.Debug|Any CPU.Build.0 = Debug|Any CPU
		{34089D82-8D8F-4B80-8F52-184D23642A2A}.Release|Any CPU.ActiveCfg = Release|Any CPU
		{34089D82-8D8F-4B80-8F52-184D23642A2A}.Release|Any CPU.Build.0 = Release|Any CPU
	EndGlobalSection
	GlobalSection(SolutionProperties) = preSolution
		HideSolutionNode = FALSE
	EndGlobalSection
	GlobalSection(ExtensibilityGlobals) = postSolution
		SolutionGuid = {20E6905C-DB17-4376-8515-FFD80002AC08}
	EndGlobalSection
EndGlobal
